# Code generated by scarb DO NOT EDIT.
version = 1

[[package]]
name = "alexandria_bytes"
version = "0.6.1"
source = "git+https://github.com/keep-starknet-strange/alexandria.git#b78ed81d7d69a41031e78ff2b32b53860b3ae7a7"
dependencies = [
 "alexandria_data_structures",
 "alexandria_math",
]

[[package]]
name = "alexandria_data_structures"
version = "0.6.1"
source = "git+https://github.com/keep-starknet-strange/alexandria.git#b78ed81d7d69a41031e78ff2b32b53860b3ae7a7"

[[package]]
name = "alexandria_encoding"
version = "0.6.1"
source = "git+https://github.com/keep-starknet-strange/alexandria.git#b78ed81d7d69a41031e78ff2b32b53860b3ae7a7"
dependencies = [
 "alexandria_bytes",
 "alexandria_data_structures",
 "alexandria_math",
 "alexandria_numeric",
]

[[package]]
name = "alexandria_math"
version = "0.6.1"
source = "git+https://github.com/keep-starknet-strange/alexandria.git#b78ed81d7d69a41031e78ff2b32b53860b3ae7a7"

[[package]]
name = "alexandria_numeric"
version = "0.6.1"
source = "git+https://github.com/keep-starknet-strange/alexandria.git#b78ed81d7d69a41031e78ff2b32b53860b3ae7a7"
dependencies = [
 "alexandria_math",
 "alexandria_searching",
]

[[package]]
name = "alexandria_searching"
version = "0.6.1"
source = "git+https://github.com/keep-starknet-strange/alexandria.git#b78ed81d7d69a41031e78ff2b32b53860b3ae7a7"
dependencies = [
 "alexandria_data_structures",
]

[[package]]
name = "corelib_imports"
version = "0.1.2"
source = "git+https://github.com/keep-starknet-strange/garaga.git#8d65f565b66e125959cacc50b7757d757fd056bd"

[[package]]
name = "garaga"
version = "0.18.2"
source = "git+https://github.com/keep-starknet-strange/garaga.git#8d65f565b66e125959cacc50b7757d757fd056bd"
dependencies = [
 "corelib_imports",
]

[[package]]
name = "hdp_bytecode"
version = "0.1.0"
dependencies = [
 "garaga",
 "hdp_cairo",
]

[[package]]
name = "hdp_cairo"
version = "0.1.0"
dependencies = [
 "alexandria_bytes",
 "alexandria_encoding",
]
